// !$*UTF8*$!
{
	archiveVersion = 1;
	classes = {
	};
	objectVersion = 46;
	objects = {

/* Begin PBXBuildFile section */
		AF0F24E816804E6300B44C4A /* web.jpg in Resources */ = {isa = PBXBuildFile; fileRef = AF0F24E716804E6300B44C4A /* web.jpg */; };
		AF1A376115CE330E0006378D /* logo.png in Resources */ = {isa = PBXBuildFile; fileRef = AF1A376015CE330E0006378D /* logo.png */; };
		AF42125B15EAEB3800C3A52F /* libsqlite3.0.dylib in Frameworks */ = {isa = PBXBuildFile; fileRef = AF42125A15EAEB3800C3A52F /* libsqlite3.0.dylib */; };
		AF4CF168164894CB00A43C53 /* refresh_button.jpeg in Resources */ = {isa = PBXBuildFile; fileRef = AF4CF167164894CB00A43C53 /* refresh_button.jpeg */; };
		AF54CC4215CB51F900ED66D0 /* UIKit.framework in Frameworks */ = {isa = PBXBuildFile; fileRef = AF54CC4115CB51F900ED66D0 /* UIKit.framework */; };
		AF54CC4415CB51F900ED66D0 /* Foundation.framework in Frameworks */ = {isa = PBXBuildFile; fileRef = AF54CC4315CB51F900ED66D0 /* Foundation.framework */; };
		AF54CC4615CB51F900ED66D0 /* CoreGraphics.framework in Frameworks */ = {isa = PBXBuildFile; fileRef = AF54CC4515CB51F900ED66D0 /* CoreGraphics.framework */; };
		AF54CC4C15CB51F900ED66D0 /* InfoPlist.strings in Resources */ = {isa = PBXBuildFile; fileRef = AF54CC4A15CB51F900ED66D0 /* InfoPlist.strings */; };
		AF54CC4E15CB51F900ED66D0 /* main.m in Sources */ = {isa = PBXBuildFile; fileRef = AF54CC4D15CB51F900ED66D0 /* main.m */; };
		AF54CC5215CB51F900ED66D0 /* AppDelegate.m in Sources */ = {isa = PBXBuildFile; fileRef = AF54CC5115CB51F900ED66D0 /* AppDelegate.m */; };
		AF54CC5515CB51F900ED66D0 /* MainStoryboard.storyboard in Resources */ = {isa = PBXBuildFile; fileRef = AF54CC5315CB51F900ED66D0 /* MainStoryboard.storyboard */; };
		AF54CC5815CB51F900ED66D0 /* ViewController.m in Sources */ = {isa = PBXBuildFile; fileRef = AF54CC5715CB51F900ED66D0 /* ViewController.m */; };
		AF54CC6415CB58D000ED66D0 /* ic_launcher.png in Resources */ = {isa = PBXBuildFile; fileRef = AF54CC6315CB58D000ED66D0 /* ic_launcher.png */; };
		AF57323B1681133E00C1E8D5 /* ViewControllerFirstTabBarDetail.m in Sources */ = {isa = PBXBuildFile; fileRef = AF57323A1681133E00C1E8D5 /* ViewControllerFirstTabBarDetail.m */; };
		AF63B94915CE4B1D0036FF5F /* list.png in Resources */ = {isa = PBXBuildFile; fileRef = AF63B94815CE4B1D0036FF5F /* list.png */; };
		AF63B94B15CE4B280036FF5F /* add.png in Resources */ = {isa = PBXBuildFile; fileRef = AF63B94A15CE4B280036FF5F /* add.png */; };
		AF74FC8616642B5A00579791 /* refresh2.jpg in Resources */ = {isa = PBXBuildFile; fileRef = AF74FC8516642B5A00579791 /* refresh2.jpg */; };
		AF8542EF15E72B2C00EEA17A /* ViewControllerWebView.m in Sources */ = {isa = PBXBuildFile; fileRef = AF8542EE15E72B2C00EEA17A /* ViewControllerWebView.m */; };
		AF85430C15E74D0F00EEA17A /* ViewControllerFirstTabBar.m in Sources */ = {isa = PBXBuildFile; fileRef = AF85430B15E74D0F00EEA17A /* ViewControllerFirstTabBar.m */; };
		AFA384EF168430550026A2D1 /* ViewControllerForUSwarehouseTabBar.m in Sources */ = {isa = PBXBuildFile; fileRef = AFA384EE168430550026A2D1 /* ViewControllerForUSwarehouseTabBar.m */; };
		AFA384F31684307B0026A2D1 /* ViewControllerForMongoliaTabBar.m in Sources */ = {isa = PBXBuildFile; fileRef = AFA384F21684307B0026A2D1 /* ViewControllerForMongoliaTabBar.m */; };
		AFA384F6168430B60026A2D1 /* ViewControllerForUSwarehouseTabBarDetail.m in Sources */ = {isa = PBXBuildFile; fileRef = AFA384F5168430B60026A2D1 /* ViewControllerForUSwarehouseTabBarDetail.m */; };
		AFA384F9168430D70026A2D1 /* ViewControllerForMongoliaTabBarDetail.m in Sources */ = {isa = PBXBuildFile; fileRef = AFA384F8168430D70026A2D1 /* ViewControllerForMongoliaTabBarDetail.m */; };
		AFA7FF971685262300EF6B8A /* ViewControllerPlaceOrder.m in Sources */ = {isa = PBXBuildFile; fileRef = AFA7FF961685262300EF6B8A /* ViewControllerPlaceOrder.m */; };
		AFAA9FD415F1E08F00F5FB3E /* logo1.png in Resources */ = {isa = PBXBuildFile; fileRef = AFAA9FD315F1E08F00F5FB3E /* logo1.png */; };
		AFFE97C715EF557F0013DD4C /* ty1.png in Resources */ = {isa = PBXBuildFile; fileRef = AFFE97C615EF557F0013DD4C /* ty1.png */; };
/* End PBXBuildFile section */

/* Begin PBXFileReference section */
		AF0F24E716804E6300B44C4A /* web.jpg */ = {isa = PBXFileReference; lastKnownFileType = image.jpeg; path = web.jpg; sourceTree = "<group>"; };
		AF1A376015CE330E0006378D /* logo.png */ = {isa = PBXFileReference; lastKnownFileType = image.png; path = logo.png; sourceTree = "<group>"; };
		AF42125A15EAEB3800C3A52F /* libsqlite3.0.dylib */ = {isa = PBXFileReference; lastKnownFileType = "compiled.mach-o.dylib"; name = libsqlite3.0.dylib; path = usr/lib/libsqlite3.0.dylib; sourceTree = SDKROOT; };
		AF4CF167164894CB00A43C53 /* refresh_button.jpeg */ = {isa = PBXFileReference; lastKnownFileType = image.jpeg; path = refresh_button.jpeg; sourceTree = "<group>"; };
		AF54CC3D15CB51F900ED66D0 /* BIDMONGOL.app */ = {isa = PBXFileReference; explicitFileType = wrapper.application; includeInIndex = 0; path = BIDMONGOL.app; sourceTree = BUILT_PRODUCTS_DIR; };
		AF54CC4115CB51F900ED66D0 /* UIKit.framework */ = {isa = PBXFileReference; lastKnownFileType = wrapper.framework; name = UIKit.framework; path = System/Library/Frameworks/UIKit.framework; sourceTree = SDKROOT; };
		AF54CC4315CB51F900ED66D0 /* Foundation.framework */ = {isa = PBXFileReference; lastKnownFileType = wrapper.framework; name = Foundation.framework; path = System/Library/Frameworks/Foundation.framework; sourceTree = SDKROOT; };
		AF54CC4515CB51F900ED66D0 /* CoreGraphics.framework */ = {isa = PBXFileReference; lastKnownFileType = wrapper.framework; name = CoreGraphics.framework; path = System/Library/Frameworks/CoreGraphics.framework; sourceTree = SDKROOT; };
		AF54CC4915CB51F900ED66D0 /* bidmongol-Info.plist */ = {isa = PBXFileReference; lastKnownFileType = text.plist.xml; path = "bidmongol-Info.plist"; sourceTree = "<group>"; };
		AF54CC4B15CB51F900ED66D0 /* en */ = {isa = PBXFileReference; lastKnownFileType = text.plist.strings; name = en; path = en.lproj/InfoPlist.strings; sourceTree = "<group>"; };
		AF54CC4D15CB51F900ED66D0 /* main.m */ = {isa = PBXFileReference; lastKnownFileType = sourcecode.c.objc; path = main.m; sourceTree = "<group>"; };
		AF54CC4F15CB51F900ED66D0 /* bidmongol-Prefix.pch */ = {isa = PBXFileReference; lastKnownFileType = sourcecode.c.h; path = "bidmongol-Prefix.pch"; sourceTree = "<group>"; };
		AF54CC5015CB51F900ED66D0 /* AppDelegate.h */ = {isa = PBXFileReference; lastKnownFileType = sourcecode.c.h; path = AppDelegate.h; sourceTree = "<group>"; };
		AF54CC5115CB51F900ED66D0 /* AppDelegate.m */ = {isa = PBXFileReference; lastKnownFileType = sourcecode.c.objc; path = AppDelegate.m; sourceTree = "<group>"; };
		AF54CC5415CB51F900ED66D0 /* en */ = {isa = PBXFileReference; lastKnownFileType = file.storyboard; name = en; path = en.lproj/MainStoryboard.storyboard; sourceTree = "<group>"; };
		AF54CC5615CB51F900ED66D0 /* ViewController.h */ = {isa = PBXFileReference; lastKnownFileType = sourcecode.c.h; path = ViewController.h; sourceTree = "<group>"; };
		AF54CC5715CB51F900ED66D0 /* ViewController.m */ = {isa = PBXFileReference; lastKnownFileType = sourcecode.c.objc; path = ViewController.m; sourceTree = "<group>"; };
		AF54CC6315CB58D000ED66D0 /* ic_launcher.png */ = {isa = PBXFileReference; lastKnownFileType = image.png; path = ic_launcher.png; sourceTree = "<group>"; };
		AF54CC6515CB58D900ED66D0 /* bidmongol.entitlements */ = {isa = PBXFileReference; lastKnownFileType = text.xml; path = bidmongol.entitlements; sourceTree = "<group>"; };
		AF5732391681133E00C1E8D5 /* ViewControllerFirstTabBarDetail.h */ = {isa = PBXFileReference; fileEncoding = 4; lastKnownFileType = sourcecode.c.h; path = ViewControllerFirstTabBarDetail.h; sourceTree = "<group>"; };
		AF57323A1681133E00C1E8D5 /* ViewControllerFirstTabBarDetail.m */ = {isa = PBXFileReference; fileEncoding = 4; lastKnownFileType = sourcecode.c.objc; path = ViewControllerFirstTabBarDetail.m; sourceTree = "<group>"; };
		AF63B94815CE4B1D0036FF5F /* list.png */ = {isa = PBXFileReference; lastKnownFileType = image.png; path = list.png; sourceTree = "<group>"; };
		AF63B94A15CE4B280036FF5F /* add.png */ = {isa = PBXFileReference; lastKnownFileType = image.png; path = add.png; sourceTree = "<group>"; };
		AF74FC8516642B5A00579791 /* refresh2.jpg */ = {isa = PBXFileReference; lastKnownFileType = image.jpeg; path = refresh2.jpg; sourceTree = "<group>"; };
		AF8542ED15E72B2C00EEA17A /* ViewControllerWebView.h */ = {isa = PBXFileReference; fileEncoding = 4; lastKnownFileType = sourcecode.c.h; path = ViewControllerWebView.h; sourceTree = "<group>"; };
		AF8542EE15E72B2C00EEA17A /* ViewControllerWebView.m */ = {isa = PBXFileReference; fileEncoding = 4; lastKnownFileType = sourcecode.c.objc; path = ViewControllerWebView.m; sourceTree = "<group>"; };
		AF85430115E749C300EEA17A /* bidmongol.sqlite */ = {isa = PBXFileReference; lastKnownFileType = file; path = bidmongol.sqlite; sourceTree = SOURCE_ROOT; };
		AF85430A15E74D0F00EEA17A /* ViewControllerFirstTabBar.h */ = {isa = PBXFileReference; fileEncoding = 4; lastKnownFileType = sourcecode.c.h; path = ViewControllerFirstTabBar.h; sourceTree = "<group>"; };
		AF85430B15E74D0F00EEA17A /* ViewControllerFirstTabBar.m */ = {isa = PBXFileReference; fileEncoding = 4; lastKnownFileType = sourcecode.c.objc; path = ViewControllerFirstTabBar.m; sourceTree = "<group>"; };
		AFA384ED168430550026A2D1 /* ViewControllerForUSwarehouseTabBar.h */ = {isa = PBXFileReference; fileEncoding = 4; lastKnownFileType = sourcecode.c.h; path = ViewControllerForUSwarehouseTabBar.h; sourceTree = "<group>"; };
		AFA384EE168430550026A2D1 /* ViewControllerForUSwarehouseTabBar.m */ = {isa = PBXFileReference; fileEncoding = 4; lastKnownFileType = sourcecode.c.objc; path = ViewControllerForUSwarehouseTabBar.m; sourceTree = "<group>"; };
		AFA384F11684307B0026A2D1 /* ViewControllerForMongoliaTabBar.h */ = {isa = PBXFileReference; fileEncoding = 4; lastKnownFileType = sourcecode.c.h; path = ViewControllerForMongoliaTabBar.h; sourceTree = "<group>"; };
		AFA384F21684307B0026A2D1 /* ViewControllerForMongoliaTabBar.m */ = {isa = PBXFileReference; fileEncoding = 4; lastKnownFileType = sourcecode.c.objc; path = ViewControllerForMongoliaTabBar.m; sourceTree = "<group>"; };
		AFA384F4168430B60026A2D1 /* ViewControllerForUSwarehouseTabBarDetail.h */ = {isa = PBXFileReference; fileEncoding = 4; lastKnownFileType = sourcecode.c.h; path = ViewControllerForUSwarehouseTabBarDetail.h; sourceTree = "<group>"; };
		AFA384F5168430B60026A2D1 /* ViewControllerForUSwarehouseTabBarDetail.m */ = {isa = PBXFileReference; fileEncoding = 4; lastKnownFileType = sourcecode.c.objc; path = ViewControllerForUSwarehouseTabBarDetail.m; sourceTree = "<group>"; };
		AFA384F7168430D70026A2D1 /* ViewControllerForMongoliaTabBarDetail.h */ = {isa = PBXFileReference; fileEncoding = 4; lastKnownFileType = sourcecode.c.h; path = ViewControllerForMongoliaTabBarDetail.h; sourceTree = "<group>"; };
		AFA384F8168430D70026A2D1 /* ViewControllerForMongoliaTabBarDetail.m */ = {isa = PBXFileReference; fileEncoding = 4; lastKnownFileType = sourcecode.c.objc; path = ViewControllerForMongoliaTabBarDetail.m; sourceTree = "<group>"; };
		AFA7FF951685262300EF6B8A /* ViewControllerPlaceOrder.h */ = {isa = PBXFileReference; fileEncoding = 4; lastKnownFileType = sourcecode.c.h; path = ViewControllerPlaceOrder.h; sourceTree = "<group>"; };
		AFA7FF961685262300EF6B8A /* ViewControllerPlaceOrder.m */ = {isa = PBXFileReference; fileEncoding = 4; lastKnownFileType = sourcecode.c.objc; path = ViewControllerPlaceOrder.m; sourceTree = "<group>"; };
		AFAA9FD315F1E08F00F5FB3E /* logo1.png */ = {isa = PBXFileReference; lastKnownFileType = image.png; path = logo1.png; sourceTree = "<group>"; };
		AFFE97C615EF557F0013DD4C /* ty1.png */ = {isa = PBXFileReference; lastKnownFileType = image.png; path = ty1.png; sourceTree = "<group>"; };
/* End PBXFileReference section */

/* Begin PBXFrameworksBuildPhase section */
		AF54CC3A15CB51F900ED66D0 /* Frameworks */ = {
			isa = PBXFrameworksBuildPhase;
			buildActionMask = 2147483647;
			files = (
				AF42125B15EAEB3800C3A52F /* libsqlite3.0.dylib in Frameworks */,
				AF54CC4215CB51F900ED66D0 /* UIKit.framework in Frameworks */,
				AF54CC4415CB51F900ED66D0 /* Foundation.framework in Frameworks */,
				AF54CC4615CB51F900ED66D0 /* CoreGraphics.framework in Frameworks */,
			);
			runOnlyForDeploymentPostprocessing = 0;
		};
/* End PBXFrameworksBuildPhase section */

/* Begin PBXGroup section */
		AF1A376715CE439C0006378D /* Image */ = {
			isa = PBXGroup;
			children = (
				AF54CC6315CB58D000ED66D0 /* ic_launcher.png */,
				AF4CF167164894CB00A43C53 /* refresh_button.jpeg */,
				AF0F24E716804E6300B44C4A /* web.jpg */,
				AF74FC8516642B5A00579791 /* refresh2.jpg */,
				AF63B94815CE4B1D0036FF5F /* list.png */,
				AF63B94A15CE4B280036FF5F /* add.png */,
				AFFE97C615EF557F0013DD4C /* ty1.png */,
				AF1A376015CE330E0006378D /* logo.png */,
			);
			name = Image;
			sourceTree = "<group>";
		};
		AF54CC3215CB51F800ED66D0 = {
			isa = PBXGroup;
			children = (
				AFAA9FD315F1E08F00F5FB3E /* logo1.png */,
				AF1A376715CE439C0006378D /* Image */,
				AF54CC4715CB51F900ED66D0 /* bidmongol */,
				AF54CC4015CB51F900ED66D0 /* Frameworks */,
				AF54CC3E15CB51F900ED66D0 /* Products */,
			);
			sourceTree = "<group>";
		};
		AF54CC3E15CB51F900ED66D0 /* Products */ = {
			isa = PBXGroup;
			children = (
				AF54CC3D15CB51F900ED66D0 /* BIDMONGOL.app */,
			);
			name = Products;
			sourceTree = "<group>";
		};
		AF54CC4015CB51F900ED66D0 /* Frameworks */ = {
			isa = PBXGroup;
			children = (
				AF42125A15EAEB3800C3A52F /* libsqlite3.0.dylib */,
				AF54CC4115CB51F900ED66D0 /* UIKit.framework */,
				AF54CC4315CB51F900ED66D0 /* Foundation.framework */,
				AF54CC4515CB51F900ED66D0 /* CoreGraphics.framework */,
			);
			name = Frameworks;
			sourceTree = "<group>";
		};
		AF54CC4715CB51F900ED66D0 /* bidmongol */ = {
			isa = PBXGroup;
			children = (
				AF54CC6515CB58D900ED66D0 /* bidmongol.entitlements */,
				AF54CC5015CB51F900ED66D0 /* AppDelegate.h */,
				AF54CC5115CB51F900ED66D0 /* AppDelegate.m */,
				AF54CC5615CB51F900ED66D0 /* ViewController.h */,
				AF54CC5715CB51F900ED66D0 /* ViewController.m */,
				AF54CC5315CB51F900ED66D0 /* MainStoryboard.storyboard */,
				AF85430A15E74D0F00EEA17A /* ViewControllerFirstTabBar.h */,
				AF85430B15E74D0F00EEA17A /* ViewControllerFirstTabBar.m */,
				AFA7FF951685262300EF6B8A /* ViewControllerPlaceOrder.h */,
				AFA7FF961685262300EF6B8A /* ViewControllerPlaceOrder.m */,
				AF8542ED15E72B2C00EEA17A /* ViewControllerWebView.h */,
				AF8542EE15E72B2C00EEA17A /* ViewControllerWebView.m */,
				AF5732391681133E00C1E8D5 /* ViewControllerFirstTabBarDetail.h */,
				AF57323A1681133E00C1E8D5 /* ViewControllerFirstTabBarDetail.m */,
				AFA384ED168430550026A2D1 /* ViewControllerForUSwarehouseTabBar.h */,
				AFA384EE168430550026A2D1 /* ViewControllerForUSwarehouseTabBar.m */,
				AFA384F11684307B0026A2D1 /* ViewControllerForMongoliaTabBar.h */,
				AFA384F21684307B0026A2D1 /* ViewControllerForMongoliaTabBar.m */,
				AFA384F4168430B60026A2D1 /* ViewControllerForUSwarehouseTabBarDetail.h */,
				AFA384F5168430B60026A2D1 /* ViewControllerForUSwarehouseTabBarDetail.m */,
				AFA384F7168430D70026A2D1 /* ViewControllerForMongoliaTabBarDetail.h */,
				AFA384F8168430D70026A2D1 /* ViewControllerForMongoliaTabBarDetail.m */,
				AF54CC4815CB51F900ED66D0 /* Supporting Files */,
			);
			path = bidmongol;
			sourceTree = "<group>";
		};
		AF54CC4815CB51F900ED66D0 /* Supporting Files */ = {
			isa = PBXGroup;
			children = (
				AF54CC4915CB51F900ED66D0 /* bidmongol-Info.plist */,
				AF85430115E749C300EEA17A /* bidmongol.sqlite */,
				AF54CC4A15CB51F900ED66D0 /* InfoPlist.strings */,
				AF54CC4D15CB51F900ED66D0 /* main.m */,
				AF54CC4F15CB51F900ED66D0 /* bidmongol-Prefix.pch */,
			);
			name = "Supporting Files";
			sourceTree = "<group>";
		};
/* End PBXGroup section */

/* Begin PBXNativeTarget section */
		AF54CC3C15CB51F900ED66D0 /* bidmongol */ = {
			isa = PBXNativeTarget;
			buildConfigurationList = AF54CC5B15CB51F900ED66D0 /* Build configuration list for PBXNativeTarget "bidmongol" */;
			buildPhases = (
				AF54CC3915CB51F900ED66D0 /* Sources */,
				AF54CC3A15CB51F900ED66D0 /* Frameworks */,
				AF54CC3B15CB51F900ED66D0 /* Resources */,
			);
			buildRules = (
			);
			dependencies = (
			);
			name = bidmongol;
			productName = bidmongol;
			productReference = AF54CC3D15CB51F900ED66D0 /* BIDMONGOL.app */;
			productType = "com.apple.product-type.application";
		};
/* End PBXNativeTarget section */

/* Begin PBXProject section */
		AF54CC3415CB51F800ED66D0 /* Project object */ = {
			isa = PBXProject;
			attributes = {
				LastUpgradeCheck = 0430;
			};
			buildConfigurationList = AF54CC3715CB51F800ED66D0 /* Build configuration list for PBXProject "bidmongol" */;
			compatibilityVersion = "Xcode 3.2";
			developmentRegion = English;
			hasScannedForEncodings = 0;
			knownRegions = (
				en,
			);
			mainGroup = AF54CC3215CB51F800ED66D0;
			productRefGroup = AF54CC3E15CB51F900ED66D0 /* Products */;
			projectDirPath = "";
			projectRoot = "";
			targets = (
				AF54CC3C15CB51F900ED66D0 /* bidmongol */,
			);
		};
/* End PBXProject section */

/* Begin PBXResourcesBuildPhase section */
		AF54CC3B15CB51F900ED66D0 /* Resources */ = {
			isa = PBXResourcesBuildPhase;
			buildActionMask = 2147483647;
			files = (
				AF54CC4C15CB51F900ED66D0 /* InfoPlist.strings in Resources */,
				AF54CC5515CB51F900ED66D0 /* MainStoryboard.storyboard in Resources */,
				AF54CC6415CB58D000ED66D0 /* ic_launcher.png in Resources */,
				AF1A376115CE330E0006378D /* logo.png in Resources */,
				AF63B94915CE4B1D0036FF5F /* list.png in Resources */,
				AF63B94B15CE4B280036FF5F /* add.png in Resources */,
				AFFE97C715EF557F0013DD4C /* ty1.png in Resources */,
				AFAA9FD415F1E08F00F5FB3E /* logo1.png in Resources */,
				AF4CF168164894CB00A43C53 /* refresh_button.jpeg in Resources */,
				AF74FC8616642B5A00579791 /* refresh2.jpg in Resources */,
				AF0F24E816804E6300B44C4A /* web.jpg in Resources */,
			);
			runOnlyForDeploymentPostprocessing = 0;
		};
/* End PBXResourcesBuildPhase section */

/* Begin PBXSourcesBuildPhase section */
		AF54CC3915CB51F900ED66D0 /* Sources */ = {
			isa = PBXSourcesBuildPhase;
			buildActionMask = 2147483647;
			files = (
				AF54CC4E15CB51F900ED66D0 /* main.m in Sources */,
				AF54CC5215CB51F900ED66D0 /* AppDelegate.m in Sources */,
				AF54CC5815CB51F900ED66D0 /* ViewController.m in Sources */,
				AF8542EF15E72B2C00EEA17A /* ViewControllerWebView.m in Sources */,
				AF85430C15E74D0F00EEA17A /* ViewControllerFirstTabBar.m in Sources */,
				AF57323B1681133E00C1E8D5 /* ViewControllerFirstTabBarDetail.m in Sources */,
				AFA384EF168430550026A2D1 /* ViewControllerForUSwarehouseTabBar.m in Sources */,
				AFA384F31684307B0026A2D1 /* ViewControllerForMongoliaTabBar.m in Sources */,
				AFA384F6168430B60026A2D1 /* ViewControllerForUSwarehouseTabBarDetail.m in Sources */,
				AFA384F9168430D70026A2D1 /* ViewControllerForMongoliaTabBarDetail.m in Sources */,
				AFA7FF971685262300EF6B8A /* ViewControllerPlaceOrder.m in Sources */,
			);
			runOnlyForDeploymentPostprocessing = 0;
		};
/* End PBXSourcesBuildPhase section */

/* Begin PBXVariantGroup section */
		AF54CC4A15CB51F900ED66D0 /* InfoPlist.strings */ = {
			isa = PBXVariantGroup;
			children = (
				AF54CC4B15CB51F900ED66D0 /* en */,
			);
			name = InfoPlist.strings;
			sourceTree = "<group>";
		};
		AF54CC5315CB51F900ED66D0 /* MainStoryboard.storyboard */ = {
			isa = PBXVariantGroup;
			children = (
				AF54CC5415CB51F900ED66D0 /* en */,
			);
			name = MainStoryboard.storyboard;
			sourceTree = "<group>";
		};
/* End PBXVariantGroup section */

/* Begin XCBuildConfiguration section */
		AF54CC5915CB51F900ED66D0 /* Debug */ = {
			isa = XCBuildConfiguration;
			buildSettings = {
				ALWAYS_SEARCH_USER_PATHS = NO;
				ARCHS = "$(ARCHS_STANDARD_32_BIT)";
				"CODE_SIGN_IDENTITY[sdk=iphoneos*]" = "iPhone Developer";
				COPY_PHASE_STRIP = NO;
				GCC_C_LANGUAGE_STANDARD = gnu99;
				GCC_DYNAMIC_NO_PIC = NO;
				GCC_OPTIMIZATION_LEVEL = 0;
				GCC_PREPROCESSOR_DEFINITIONS = (
					"DEBUG=1",
					"$(inherited)",
				);
				GCC_SYMBOLS_PRIVATE_EXTERN = NO;
				GCC_VERSION = com.apple.compilers.llvm.clang.1_0;
				GCC_WARN_ABOUT_RETURN_TYPE = YES;
				GCC_WARN_UNINITIALIZED_AUTOS = YES;
				GCC_WARN_UNUSED_VARIABLE = YES;
				IPHONEOS_DEPLOYMENT_TARGET = 5.1;
				SDKROOT = iphoneos;
			};
			name = Debug;
		};
		AF54CC5A15CB51F900ED66D0 /* Release */ = {
			isa = XCBuildConfiguration;
			buildSettings = {
				ALWAYS_SEARCH_USER_PATHS = NO;
				ARCHS = "$(ARCHS_STANDARD_32_BIT)";
				"CODE_SIGN_IDENTITY[sdk=iphoneos*]" = "iPhone Developer";
				COPY_PHASE_STRIP = YES;
				GCC_C_LANGUAGE_STANDARD = gnu99;
				GCC_VERSION = com.apple.compilers.llvm.clang.1_0;
				GCC_WARN_ABOUT_RETURN_TYPE = YES;
				GCC_WARN_UNINITIALIZED_AUTOS = YES;
				GCC_WARN_UNUSED_VARIABLE = YES;
				IPHONEOS_DEPLOYMENT_TARGET = 5.1;
				OTHER_CFLAGS = "-DNS_BLOCK_ASSERTIONS=1";
				SDKROOT = iphoneos;
				VALIDATE_PRODUCT = YES;
			};
			name = Release;
		};
		AF54CC5C15CB51F900ED66D0 /* Debug */ = {
			isa = XCBuildConfiguration;
			buildSettings = {
				CODE_SIGN_ENTITLEMENTS = bidmongol/bidmongol.entitlements;
				GCC_PRECOMPILE_PREFIX_HEADER = YES;
				GCC_PREFIX_HEADER = "bidmongol/bidmongol-Prefix.pch";
				INFOPLIST_FILE = "bidmongol/bidmongol-Info.plist";
				IPHONEOS_DEPLOYMENT_TARGET = 5.1;
				PRODUCT_NAME = BIDMONGOL;
				TARGETED_DEVICE_FAMILY = 1;
				WRAPPER_EXTENSION = app;
			};
			name = Debug;
		};
		AF54CC5D15CB51F900ED66D0 /* Release */ = {
			isa = XCBuildConfiguration;
			buildSettings = {
				CODE_SIGN_ENTITLEMENTS = bidmongol/bidmongol.entitlements;
				GCC_PRECOMPILE_PREFIX_HEADER = YES;
				GCC_PREFIX_HEADER = "bidmongol/bidmongol-Prefix.pch";
				INFOPLIST_FILE = "bidmongol/bidmongol-Info.plist";
				IPHONEOS_DEPLOYMENT_TARGET = 5.1;
				PRODUCT_NAME = BIDMONGOL;
				TARGETED_DEVICE_FAMILY = 1;
				WRAPPER_EXTENSION = app;
			};
			name = Release;
		};
/* End XCBuildConfiguration section */

/* Begin XCConfigurationList section */
		AF54CC3715CB51F800ED66D0 /* Build configuration list for PBXProject "bidmongol" */ = {
			isa = XCConfigurationList;
			buildConfigurations = (
				AF54CC5915CB51F900ED66D0 /* Debug */,
				AF54CC5A15CB51F900ED66D0 /* Release */,
			);
			defaultConfigurationIsVisible = 0;
			defaultConfigurationName = Release;
		};
		AF54CC5B15CB51F900ED66D0 /* Build configuration list for PBXNativeTarget "bidmongol" */ = {
			isa = XCConfigurationList;
			buildConfigurations = (
				AF54CC5C15CB51F900ED66D0 /* Debug */,
				AF54CC5D15CB51F900ED66D0 /* Release */,
			);
			defaultConfigurationIsVisible = 0;
			defaultConfigurationName = Release;
		};
/* End XCConfigurationList section */
	};
	rootObject = AF54CC3415CB51F800ED66D0 /* Project object */;
}
